// !$*UTF8*$!
{
	archiveVersion = 1;
	classes = {
	};
	objectVersion = 50;
	objects = {

/* Begin PBXBuildFile section */
		07C3171225D81BB000999A17 /* HowManyVaccinatedApp.swift in Sources */ = {isa = PBXBuildFile; fileRef = 07C3171125D81BB000999A17 /* HowManyVaccinatedApp.swift */; };
		07C3171625D81BB100999A17 /* Assets.xcassets in Resources */ = {isa = PBXBuildFile; fileRef = 07C3171525D81BB100999A17 /* Assets.xcassets */; };
		07C3171925D81BB100999A17 /* Preview Assets.xcassets in Resources */ = {isa = PBXBuildFile; fileRef = 07C3171825D81BB100999A17 /* Preview Assets.xcassets */; };
		07C3172325D8AD4100999A17 /* VaccinationsData.swift in Sources */ = {isa = PBXBuildFile; fileRef = 07C3172225D8AD4100999A17 /* VaccinationsData.swift */; };
/* End PBXBuildFile section */

/* Begin PBXFileReference section */
		07C3170E25D81BB000999A17 /* VaccinationTracker.app */ = {isa = PBXFileReference; explicitFileType = wrapper.application; includeInIndex = 0; path = VaccinationTracker.app; sourceTree = BUILT_PRODUCTS_DIR; };
		07C3171125D81BB000999A17 /* HowManyVaccinatedApp.swift */ = {isa = PBXFileReference; lastKnownFileType = sourcecode.swift; path = HowManyVaccinatedApp.swift; sourceTree = "<group>"; };
		07C3171525D81BB100999A17 /* Assets.xcassets */ = {isa = PBXFileReference; lastKnownFileType = folder.assetcatalog; path = Assets.xcassets; sourceTree = "<group>"; };
		07C3171825D81BB100999A17 /* Preview Assets.xcassets */ = {isa = PBXFileReference; lastKnownFileType = folder.assetcatalog; path = "Preview Assets.xcassets"; sourceTree = "<group>"; };
		07C3171A25D81BB100999A17 /* Info.plist */ = {isa = PBXFileReference; lastKnownFileType = text.plist.xml; path = Info.plist; sourceTree = "<group>"; };
		07C3171B25D81BB100999A17 /* VaccinationTracker.entitlements */ = {isa = PBXFileReference; lastKnownFileType = text.plist.entitlements; path = VaccinationTracker.entitlements; sourceTree = "<group>"; };
		07C3172225D8AD4100999A17 /* VaccinationsData.swift */ = {isa = PBXFileReference; lastKnownFileType = sourcecode.swift; path = VaccinationsData.swift; sourceTree = "<group>"; };
/* End PBXFileReference section */

/* Begin PBXFrameworksBuildPhase section */
		07C3170B25D81BB000999A17 /* Frameworks */ = {
			isa = PBXFrameworksBuildPhase;
			buildActionMask = 2147483647;
			files = (
			);
			runOnlyForDeploymentPostprocessing = 0;
		};
/* End PBXFrameworksBuildPhase section */

/* Begin PBXGroup section */
		07C3170525D81BB000999A17 = {
			isa = PBXGroup;
			children = (
				07C3171025D81BB000999A17 /* VaccinationTracker */,
				07C3170F25D81BB000999A17 /* Products */,
			);
			sourceTree = "<group>";
		};
		07C3170F25D81BB000999A17 /* Products */ = {
			isa = PBXGroup;
			children = (
				07C3170E25D81BB000999A17 /* VaccinationTracker.app */,
			);
			name = Products;
			sourceTree = "<group>";
		};
		07C3171025D81BB000999A17 /* VaccinationTracker */ = {
			isa = PBXGroup;
			children = (
				07C3171125D81BB000999A17 /* HowManyVaccinatedApp.swift */,
				07C3171525D81BB100999A17 /* Assets.xcassets */,
				07C3171A25D81BB100999A17 /* Info.plist */,
				07C3171B25D81BB100999A17 /* VaccinationTracker.entitlements */,
				07C3171725D81BB100999A17 /* Preview Content */,
				07C3172225D8AD4100999A17 /* VaccinationsData.swift */,
			);
			path = VaccinationTracker;
			sourceTree = "<group>";
		};
		07C3171725D81BB100999A17 /* Preview Content */ = {
			isa = PBXGroup;
			children = (
				07C3171825D81BB100999A17 /* Preview Assets.xcassets */,
			);
			path = "Preview Content";
			sourceTree = "<group>";
		};
/* End PBXGroup section */

/* Begin PBXNativeTarget section */
		07C3170D25D81BB000999A17 /* VaccinationTracker */ = {
			isa = PBXNativeTarget;
			buildConfigurationList = 07C3171E25D81BB100999A17 /* Build configuration list for PBXNativeTarget "VaccinationTracker" */;
			buildPhases = (
				07C3170A25D81BB000999A17 /* Sources */,
				07C3170B25D81BB000999A17 /* Frameworks */,
				07C3170C25D81BB000999A17 /* Resources */,
			);
			buildRules = (
			);
			dependencies = (
			);
			name = VaccinationTracker;
			productName = HowManyVaccinated;
			productReference = 07C3170E25D81BB000999A17 /* VaccinationTracker.app */;
			productType = "com.apple.product-type.application";
		};
/* End PBXNativeTarget section */

/* Begin PBXProject section */
		07C3170625D81BB000999A17 /* Project object */ = {
			isa = PBXProject;
			attributes = {
				LastSwiftUpdateCheck = 1240;
				LastUpgradeCheck = 1240;
				TargetAttributes = {
					07C3170D25D81BB000999A17 = {
						CreatedOnToolsVersion = 12.4;
					};
				};
			};
			buildConfigurationList = 07C3170925D81BB000999A17 /* Build configuration list for PBXProject "VaccinationTracker" */;
			compatibilityVersion = "Xcode 9.3";
			developmentRegion = en;
			hasScannedForEncodings = 0;
			knownRegions = (
				en,
				Base,
			);
			mainGroup = 07C3170525D81BB000999A17;
			productRefGroup = 07C3170F25D81BB000999A17 /* Products */;
			projectDirPath = "";
			projectRoot = "";
			targets = (
				07C3170D25D81BB000999A17 /* VaccinationTracker */,
			);
		};
/* End PBXProject section */

/* Begin PBXResourcesBuildPhase section */
		07C3170C25D81BB000999A17 /* Resources */ = {
			isa = PBXResourcesBuildPhase;
			buildActionMask = 2147483647;
			files = (
				07C3171925D81BB100999A17 /* Preview Assets.xcassets in Resources */,
				07C3171625D81BB100999A17 /* Assets.xcassets in Resources */,
			);
			runOnlyForDeploymentPostprocessing = 0;
		};
/* End PBXResourcesBuildPhase section */

/* Begin PBXSourcesBuildPhase section */
		07C3170A25D81BB000999A17 /* Sources */ = {
			isa = PBXSourcesBuildPhase;
			buildActionMask = 2147483647;
			files = (
				07C3172325D8AD4100999A17 /* VaccinationsData.swift in Sources */,
				07C3171225D81BB000999A17 /* HowManyVaccinatedApp.swift in Sources */,
			);
			runOnlyForDeploymentPostprocessing = 0;
		};
/* End PBXSourcesBuildPhase section */

/* Begin XCBuildConfiguration section */
		07C3171C25D81BB100999A17 /* Debug */ = {
			isa = XCBuildConfiguration;
			buildSettings = {
				ALWAYS_SEARCH_USER_PATHS = NO;
				CLANG_ANALYZER_NONNULL = YES;
				CLANG_ANALYZER_NUMBER_OBJECT_CONVERSION = YES_AGGRESSIVE;
				CLANG_CXX_LANGUAGE_STANDARD = "gnu++14";
				CLANG_CXX_LIBRARY = "libc++";
				CLANG_ENABLE_MODULES = YES;
				CLANG_ENABLE_OBJC_ARC = YES;
				CLANG_ENABLE_OBJC_WEAK = YES;
				CLANG_WARN_BLOCK_CAPTURE_AUTORELEASING = YES;
				CLANG_WARN_BOOL_CONVERSION = YES;
				CLANG_WARN_COMMA = YES;
				CLANG_WARN_CONSTANT_CONVERSION = YES;
				CLANG_WARN_DEPRECATED_OBJC_IMPLEMENTATIONS = YES;
				CLANG_WARN_DIRECT_OBJC_ISA_USAGE = YES_ERROR;
				CLANG_WARN_DOCUMENTATION_COMMENTS = YES;
				CLANG_WARN_EMPTY_BODY = YES;
				CLANG_WARN_ENUM_CONVERSION = YES;
				CLANG_WARN_INFINITE_RECURSION = YES;
				CLANG_WARN_INT_CONVERSION = YES;
				CLANG_WARN_NON_LITERAL_NULL_CONVERSION = YES;
				CLANG_WARN_OBJC_IMPLICIT_RETAIN_SELF = YES;
				CLANG_WARN_OBJC_LITERAL_CONVERSION = YES;
				CLANG_WARN_OBJC_ROOT_CLASS = YES_ERROR;
				CLANG_WARN_QUOTED_INCLUDE_IN_FRAMEWORK_HEADER = YES;
				CLANG_WARN_RANGE_LOOP_ANALYSIS = YES;
				CLANG_WARN_STRICT_PROTOTYPES = YES;
				CLANG_WARN_SUSPICIOUS_MOVE = YES;
				CLANG_WARN_UNGUARDED_AVAILABILITY = YES_AGGRESSIVE;
				CLANG_WARN_UNREACHABLE_CODE = YES;
				CLANG_WARN__DUPLICATE_METHOD_MATCH = YES;
				COPY_PHASE_STRIP = NO;
				DEBUG_INFORMATION_FORMAT = dwarf;
				ENABLE_STRICT_OBJC_MSGSEND = YES;
				ENABLE_TESTABILITY = YES;
				GCC_C_LANGUAGE_STANDARD = gnu11;
				GCC_DYNAMIC_NO_PIC = NO;
				GCC_NO_COMMON_BLOCKS = YES;
				GCC_OPTIMIZATION_LEVEL = 0;
				GCC_PREPROCESSOR_DEFINITIONS = (
					"DEBUG=1",
					"$(inherited)",
				);
				GCC_WARN_64_TO_32_BIT_CONVERSION = YES;
				GCC_WARN_ABOUT_RETURN_TYPE = YES_ERROR;
				GCC_WARN_UNDECLARED_SELECTOR = YES;
				GCC_WARN_UNINITIALIZED_AUTOS = YES_AGGRESSIVE;
				GCC_WARN_UNUSED_FUNCTION = YES;
				GCC_WARN_UNUSED_VARIABLE = YES;
				MACOSX_DEPLOYMENT_TARGET = 11.1;
				MTL_ENABLE_DEBUG_INFO = INCLUDE_SOURCE;
				MTL_FAST_MATH = YES;
				ONLY_ACTIVE_ARCH = YES;
				SDKROOT = macosx;
				SWIFT_ACTIVE_COMPILATION_CONDITIONS = DEBUG;
				SWIFT_OPTIMIZATION_LEVEL = "-Onone";
			};
			name = Debug;
		};
		07C3171D25D81BB100999A17 /* Release */ = {
			isa = XCBuildConfiguration;
			buildSettings = {
				ALWAYS_SEARCH_USER_PATHS = NO;
				CLANG_ANALYZER_NONNULL = YES;
				CLANG_ANALYZER_NUMBER_OBJECT_CONVERSION = YES_AGGRESSIVE;
				CLANG_CXX_LANGUAGE_STANDARD = "gnu++14";
				CLANG_CXX_LIBRARY = "libc++";
				CLANG_ENABLE_MODULES = YES;
				CLANG_ENABLE_OBJC_ARC = YES;
				CLANG_ENABLE_OBJC_WEAK = YES;
				CLANG_WARN_BLOCK_CAPTURE_AUTORELEASING = YES;
				CLANG_WARN_BOOL_CONVERSION = YES;
				CLANG_WARN_COMMA = YES;
				CLANG_WARN_CONSTANT_CONVERSION = YES;
				CLANG_WARN_DEPRECATED_OBJC_IMPLEMENTATIONS = YES;
				CLANG_WARN_DIRECT_OBJC_ISA_USAGE = YES_ERROR;
				CLANG_WARN_DOCUMENTATION_COMMENTS = YES;
				CLANG_WARN_EMPTY_BODY = YES;
				CLANG_WARN_ENUM_CONVERSION = YES;
				CLANG_WARN_INFINITE_RECURSION = YES;
				CLANG_WARN_INT_CONVERSION = YES;
				CLANG_WARN_NON_LITERAL_NULL_CONVERSION = YES;
				CLANG_WARN_OBJC_IMPLICIT_RETAIN_SELF = YES;
				CLANG_WARN_OBJC_LITERAL_CONVERSION = YES;
				CLANG_WARN_OBJC_ROOT_CLASS = YES_ERROR;
				CLANG_WARN_QUOTED_INCLUDE_IN_FRAMEWORK_HEADER = YES;
				CLANG_WARN_RANGE_LOOP_ANALYSIS = YES;
				CLANG_WARN_STRICT_PROTOTYPES = YES;
				CLANG_WARN_SUSPICIOUS_MOVE = YES;
				CLANG_WARN_UNGUARDED_AVAILABILITY = YES_AGGRESSIVE;
				CLANG_WARN_UNREACHABLE_CODE = YES;
				CLANG_WARN__DUPLICATE_METHOD_MATCH = YES;
				COPY_PHASE_STRIP = NO;
				DEBUG_INFORMATION_FORMAT = "dwarf-with-dsym";
				ENABLE_NS_ASSERTIONS = NO;
				ENABLE_STRICT_OBJC_MSGSEND = YES;
				GCC_C_LANGUAGE_STANDARD = gnu11;
				GCC_NO_COMMON_BLOCKS = YES;
				GCC_WARN_64_TO_32_BIT_CONVERSION = YES;
				GCC_WARN_ABOUT_RETURN_TYPE = YES_ERROR;
				GCC_WARN_UNDECLARED_SELECTOR = YES;
				GCC_WARN_UNINITIALIZED_AUTOS = YES_AGGRESSIVE;
				GCC_WARN_UNUSED_FUNCTION = YES;
				GCC_WARN_UNUSED_VARIABLE = YES;
				MACOSX_DEPLOYMENT_TARGET = 11.1;
				MTL_ENABLE_DEBUG_INFO = NO;
				MTL_FAST_MATH = YES;
				SDKROOT = macosx;
				SWIFT_COMPILATION_MODE = wholemodule;
				SWIFT_OPTIMIZATION_LEVEL = "-O";
			};
			name = Release;
		};
		07C3171F25D81BB100999A17 /* Debug */ = {
			isa = XCBuildConfiguration;
			buildSettings = {
				ASSETCATALOG_COMPILER_APPICON_NAME = AppIcon;
				ASSETCATALOG_COMPILER_GLOBAL_ACCENT_COLOR_NAME = AccentColor;
				CODE_SIGN_ENTITLEMENTS = VaccinationTracker/VaccinationTracker.entitlements;
				CODE_SIGN_IDENTITY = "Apple Development";
				CODE_SIGN_STYLE = Automatic;
				COMBINE_HIDPI_IMAGES = YES;
				DEVELOPMENT_ASSET_PATHS = "\"VaccinationTracker/Preview Content\"";
				DEVELOPMENT_TEAM = N2J367D499;
				ENABLE_PREVIEWS = YES;
				INFOPLIST_FILE = VaccinationTracker/Info.plist;
				LD_RUNPATH_SEARCH_PATHS = (
					"$(inherited)",
					"@executable_path/../Frameworks",
				);
				MACOSX_DEPLOYMENT_TARGET = 11.0;
				PRODUCT_BUNDLE_IDENTIFIER = co.vemek.VaccinationTracker;
				PRODUCT_NAME = "$(TARGET_NAME)";
				SWIFT_VERSION = 5.0;
			};
			name = Debug;
		};
		07C3172025D81BB100999A17 /* Release */ = {
			isa = XCBuildConfiguration;
			buildSettings = {
				ASSETCATALOG_COMPILER_APPICON_NAME = AppIcon;
				ASSETCATALOG_COMPILER_GLOBAL_ACCENT_COLOR_NAME = AccentColor;
				CODE_SIGN_ENTITLEMENTS = VaccinationTracker/VaccinationTracker.entitlements;
				CODE_SIGN_IDENTITY = "Apple Development";
				CODE_SIGN_STYLE = Automatic;
				COMBINE_HIDPI_IMAGES = YES;
				DEVELOPMENT_ASSET_PATHS = "\"VaccinationTracker/Preview Content\"";
				DEVELOPMENT_TEAM = N2J367D499;
				ENABLE_PREVIEWS = YES;
				INFOPLIST_FILE = VaccinationTracker/Info.plist;
				LD_RUNPATH_SEARCH_PATHS = (
					"$(inherited)",
					"@executable_path/../Frameworks",
				);
				MACOSX_DEPLOYMENT_TARGET = 11.0;
				PRODUCT_BUNDLE_IDENTIFIER = co.vemek.VaccinationTracker;
				PRODUCT_NAME = "$(TARGET_NAME)";
				SWIFT_VERSION = 5.0;
			};
			name = Release;
		};
/* End XCBuildConfiguration section */

/* Begin XCConfigurationList section */
		07C3170925D81BB000999A17 /* Build configuration list for PBXProject "VaccinationTracker" */ = {
			isa = XCConfigurationList;
			buildConfigurations = (
				07C3171C25D81BB100999A17 /* Debug */,
				07C3171D25D81BB100999A17 /* Release */,
			);
			defaultConfigurationIsVisible = 0;
			defaultConfigurationName = Release;
		};
		07C3171E25D81BB100999A17 /* Build configuration list for PBXNativeTarget "VaccinationTracker" */ = {
			isa = XCConfigurationList;
			buildConfigurations = (
				07C3171F25D81BB100999A17 /* Debug */,
				07C3172025D81BB100999A17 /* Release */,
			);
			defaultConfigurationIsVisible = 0;
			defaultConfigurationName = Release;
		};
/* End XCConfigurationList section */
	};
	rootObject = 07C3170625D81BB000999A17 /* Project object */;
}
